{
  "name": "gas-archive-gmail",
  "lockfileVersion": 3,
  "requires": true,
  "packages": {
    "": {
      "devDependencies": {
        "@types/google-apps-script": "^2.0.7"
      }
    },
    "node_modules/@types/google-apps-script": {
      "version": "2.0.7",
      "resolved": "https://registry.npmjs.org/@types/google-apps-script/-/google-apps-script-2.0.7.tgz",
      "integrity": "sha512-Yd5ham8GJNPoKSMt9Ep+B5IJzmfsvSNkOF1DWGQDyz66+1O/Jw/TEe6fltJcTKRvNlCCH5ZaGmmYDOgadA8QYQ==",
      "dev": true,
      "license": "MIT"
    }
  }
}
